// !$*UTF8*$!
{
	archiveVersion = 1;
	classes = {
	};
	objectVersion = 52;
	objects = {

/* Begin PBXBuildFile section */
		943725E326CAE2C800CB240B /* ListenHubApp.swift in Sources */ = {isa = PBXBuildFile; fileRef = 943725E226CAE2C800CB240B /* ListenHubApp.swift */; };
		943725E726CAE2CB00CB240B /* Assets.xcassets in Resources */ = {isa = PBXBuildFile; fileRef = 943725E626CAE2CB00CB240B /* Assets.xcassets */; };
		943725EA26CAE2CB00CB240B /* Preview Assets.xcassets in Resources */ = {isa = PBXBuildFile; fileRef = 943725E926CAE2CB00CB240B /* Preview Assets.xcassets */; };
		94410A95271B6939000D6F9B /* DummyPlayer.swift in Sources */ = {isa = PBXBuildFile; fileRef = 94410A94271B6939000D6F9B /* DummyPlayer.swift */; };
		9451BB6A2704FA8400653C3F /* AAPlayerManager.swift in Sources */ = {isa = PBXBuildFile; fileRef = 9451BB642704FA8300653C3F /* AAPlayerManager.swift */; };
		9451BB6B2704FA8400653C3F /* AAQueuePlayer.swift in Sources */ = {isa = PBXBuildFile; fileRef = 9451BB652704FA8300653C3F /* AAQueuePlayer.swift */; };
		9451BB6C2704FA8400653C3F /* AAPlayerItem.swift in Sources */ = {isa = PBXBuildFile; fileRef = 9451BB662704FA8300653C3F /* AAPlayerItem.swift */; };
		9451BB6D2704FA8400653C3F /* AAPlayerDelegate.swift in Sources */ = {isa = PBXBuildFile; fileRef = 9451BB672704FA8300653C3F /* AAPlayerDelegate.swift */; };
		9451BB6E2704FA8400653C3F /* AAPlayerItemInfo.swift in Sources */ = {isa = PBXBuildFile; fileRef = 9451BB682704FA8300653C3F /* AAPlayerItemInfo.swift */; };
		9451BB6F2704FA8400653C3F /* AAPlayerStatus.swift in Sources */ = {isa = PBXBuildFile; fileRef = 9451BB692704FA8400653C3F /* AAPlayerStatus.swift */; };
		9451BB7327062C9400653C3F /* Player.swift in Sources */ = {isa = PBXBuildFile; fileRef = 9451BB7227062C9300653C3F /* Player.swift */; };
		9451BB75270C52FA00653C3F /* NewPlayerViewModel.swift in Sources */ = {isa = PBXBuildFile; fileRef = 9451BB74270C52FA00653C3F /* NewPlayerViewModel.swift */; };
		94AE0A0C26EA8B6700E8CD7B /* HomeView.swift in Sources */ = {isa = PBXBuildFile; fileRef = 94AE0A0B26EA8B6700E8CD7B /* HomeView.swift */; };
		94AE0A0E26EA8CFC00E8CD7B /* Book.swift in Sources */ = {isa = PBXBuildFile; fileRef = 94AE0A0D26EA8CFC00E8CD7B /* Book.swift */; };
		94AE0A1026EA8DB400E8CD7B /* Category.swift in Sources */ = {isa = PBXBuildFile; fileRef = 94AE0A0F26EA8DB400E8CD7B /* Category.swift */; };
		94AE0A1226EA984500E8CD7B /* HomeViewModel.swift in Sources */ = {isa = PBXBuildFile; fileRef = 94AE0A1126EA984500E8CD7B /* HomeViewModel.swift */; };
		94AE0A1426ED081E00E8CD7B /* ErrorView.swift in Sources */ = {isa = PBXBuildFile; fileRef = 94AE0A1326ED081E00E8CD7B /* ErrorView.swift */; };
		94AE0A1626ED090100E8CD7B /* IRepository.swift in Sources */ = {isa = PBXBuildFile; fileRef = 94AE0A1526ED090100E8CD7B /* IRepository.swift */; };
		94AE0A1826ED0C1500E8CD7B /* LoadingView.swift in Sources */ = {isa = PBXBuildFile; fileRef = 94AE0A1726ED0C1500E8CD7B /* LoadingView.swift */; };
		94AE0A1B26ED0E0D00E8CD7B /* Kingfisher in Frameworks */ = {isa = PBXBuildFile; productRef = 94AE0A1A26ED0E0D00E8CD7B /* Kingfisher */; };
		94AE0A1D26ED0E2800E8CD7B /* NetworkImage.swift in Sources */ = {isa = PBXBuildFile; fileRef = 94AE0A1C26ED0E2800E8CD7B /* NetworkImage.swift */; };
		94AE0A1F26ED107300E8CD7B /* ContentView.swift in Sources */ = {isa = PBXBuildFile; fileRef = 94AE0A1E26ED107300E8CD7B /* ContentView.swift */; };
		94AE0A2226EE020C00E8CD7B /* BookDetailView.swift in Sources */ = {isa = PBXBuildFile; fileRef = 94AE0A2126EE020C00E8CD7B /* BookDetailView.swift */; };
		94AE0A2426EE021B00E8CD7B /* BookDetailViewModel.swift in Sources */ = {isa = PBXBuildFile; fileRef = 94AE0A2326EE021B00E8CD7B /* BookDetailViewModel.swift */; };
		94AE0A2626EE042400E8CD7B /* DummyDataRepository.swift in Sources */ = {isa = PBXBuildFile; fileRef = 94AE0A2526EE042400E8CD7B /* DummyDataRepository.swift */; };
		94AE0A2926EE150F00E8CD7B /* Coordinator.swift in Sources */ = {isa = PBXBuildFile; fileRef = 94AE0A2826EE150F00E8CD7B /* Coordinator.swift */; };
		94AE0A2B26EE601000E8CD7B /* LanguagesView.swift in Sources */ = {isa = PBXBuildFile; fileRef = 94AE0A2A26EE601000E8CD7B /* LanguagesView.swift */; };
		94AE0A2D26EE602900E8CD7B /* LanguagesViewModel.swift in Sources */ = {isa = PBXBuildFile; fileRef = 94AE0A2C26EE602900E8CD7B /* LanguagesViewModel.swift */; };
		94AE0A2F26EF450400E8CD7B /* CategoriesView.swift in Sources */ = {isa = PBXBuildFile; fileRef = 94AE0A2E26EF450400E8CD7B /* CategoriesView.swift */; };
		94AE0A3126EF451100E8CD7B /* CategoriesViewModel.swift in Sources */ = {isa = PBXBuildFile; fileRef = 94AE0A3026EF451100E8CD7B /* CategoriesViewModel.swift */; };
		94AE0A3326EF4B8F00E8CD7B /* SearchView.swift in Sources */ = {isa = PBXBuildFile; fileRef = 94AE0A3226EF4B8F00E8CD7B /* SearchView.swift */; };
		94AE0A3526EF4BD700E8CD7B /* SearchViewModel.swift in Sources */ = {isa = PBXBuildFile; fileRef = 94AE0A3426EF4BD700E8CD7B /* SearchViewModel.swift */; };
		94F87E7D26F0DBC600682FB1 /* CollectionDetailView.swift in Sources */ = {isa = PBXBuildFile; fileRef = 94F87E7C26F0DBC600682FB1 /* CollectionDetailView.swift */; };
		94F87E7F26F0DBD300682FB1 /* CollectionDetailViewModel.swift in Sources */ = {isa = PBXBuildFile; fileRef = 94F87E7E26F0DBD300682FB1 /* CollectionDetailViewModel.swift */; };
		94F87E8326F26D1C00682FB1 /* PlayerView.swift in Sources */ = {isa = PBXBuildFile; fileRef = 94F87E8226F26D1C00682FB1 /* PlayerView.swift */; };
		94F87E8526F26D2E00682FB1 /* PlayerViewModel.swift in Sources */ = {isa = PBXBuildFile; fileRef = 94F87E8426F26D2E00682FB1 /* PlayerViewModel.swift */; };
/* End PBXBuildFile section */

/* Begin PBXFileReference section */
		943725DF26CAE2C800CB240B /* ListenHub.app */ = {isa = PBXFileReference; explicitFileType = wrapper.application; includeInIndex = 0; path = ListenHub.app; sourceTree = BUILT_PRODUCTS_DIR; };
		943725E226CAE2C800CB240B /* ListenHubApp.swift */ = {isa = PBXFileReference; lastKnownFileType = sourcecode.swift; path = ListenHubApp.swift; sourceTree = "<group>"; };
		943725E626CAE2CB00CB240B /* Assets.xcassets */ = {isa = PBXFileReference; lastKnownFileType = folder.assetcatalog; path = Assets.xcassets; sourceTree = "<group>"; };
		943725E926CAE2CB00CB240B /* Preview Assets.xcassets */ = {isa = PBXFileReference; lastKnownFileType = folder.assetcatalog; path = "Preview Assets.xcassets"; sourceTree = "<group>"; };
		943725EB26CAE2CB00CB240B /* Info.plist */ = {isa = PBXFileReference; lastKnownFileType = text.plist.xml; path = Info.plist; sourceTree = "<group>"; };
		94410A94271B6939000D6F9B /* DummyPlayer.swift */ = {isa = PBXFileReference; lastKnownFileType = sourcecode.swift; path = DummyPlayer.swift; sourceTree = "<group>"; };
		9451BB642704FA8300653C3F /* AAPlayerManager.swift */ = {isa = PBXFileReference; fileEncoding = 4; lastKnownFileType = sourcecode.swift; path = AAPlayerManager.swift; sourceTree = "<group>"; };
		9451BB652704FA8300653C3F /* AAQueuePlayer.swift */ = {isa = PBXFileReference; fileEncoding = 4; lastKnownFileType = sourcecode.swift; path = AAQueuePlayer.swift; sourceTree = "<group>"; };
		9451BB662704FA8300653C3F /* AAPlayerItem.swift */ = {isa = PBXFileReference; fileEncoding = 4; lastKnownFileType = sourcecode.swift; path = AAPlayerItem.swift; sourceTree = "<group>"; };
		9451BB672704FA8300653C3F /* AAPlayerDelegate.swift */ = {isa = PBXFileReference; fileEncoding = 4; lastKnownFileType = sourcecode.swift; path = AAPlayerDelegate.swift; sourceTree = "<group>"; };
		9451BB682704FA8300653C3F /* AAPlayerItemInfo.swift */ = {isa = PBXFileReference; fileEncoding = 4; lastKnownFileType = sourcecode.swift; path = AAPlayerItemInfo.swift; sourceTree = "<group>"; };
		9451BB692704FA8400653C3F /* AAPlayerStatus.swift */ = {isa = PBXFileReference; fileEncoding = 4; lastKnownFileType = sourcecode.swift; path = AAPlayerStatus.swift; sourceTree = "<group>"; };
		9451BB7227062C9300653C3F /* Player.swift */ = {isa = PBXFileReference; lastKnownFileType = sourcecode.swift; path = Player.swift; sourceTree = "<group>"; };
		9451BB74270C52FA00653C3F /* NewPlayerViewModel.swift */ = {isa = PBXFileReference; lastKnownFileType = sourcecode.swift; path = NewPlayerViewModel.swift; sourceTree = "<group>"; };
		94AE0A0B26EA8B6700E8CD7B /* HomeView.swift */ = {isa = PBXFileReference; lastKnownFileType = sourcecode.swift; path = HomeView.swift; sourceTree = "<group>"; };
		94AE0A0D26EA8CFC00E8CD7B /* Book.swift */ = {isa = PBXFileReference; lastKnownFileType = sourcecode.swift; path = Book.swift; sourceTree = "<group>"; };
		94AE0A0F26EA8DB400E8CD7B /* Category.swift */ = {isa = PBXFileReference; lastKnownFileType = sourcecode.swift; path = Category.swift; sourceTree = "<group>"; };
		94AE0A1126EA984500E8CD7B /* HomeViewModel.swift */ = {isa = PBXFileReference; lastKnownFileType = sourcecode.swift; path = HomeViewModel.swift; sourceTree = "<group>"; };
		94AE0A1326ED081E00E8CD7B /* ErrorView.swift */ = {isa = PBXFileReference; lastKnownFileType = sourcecode.swift; path = ErrorView.swift; sourceTree = "<group>"; };
		94AE0A1526ED090100E8CD7B /* IRepository.swift */ = {isa = PBXFileReference; lastKnownFileType = sourcecode.swift; path = IRepository.swift; sourceTree = "<group>"; };
		94AE0A1726ED0C1500E8CD7B /* LoadingView.swift */ = {isa = PBXFileReference; lastKnownFileType = sourcecode.swift; path = LoadingView.swift; sourceTree = "<group>"; };
		94AE0A1C26ED0E2800E8CD7B /* NetworkImage.swift */ = {isa = PBXFileReference; lastKnownFileType = sourcecode.swift; path = NetworkImage.swift; sourceTree = "<group>"; };
		94AE0A1E26ED107300E8CD7B /* ContentView.swift */ = {isa = PBXFileReference; lastKnownFileType = sourcecode.swift; path = ContentView.swift; sourceTree = "<group>"; };
		94AE0A2126EE020C00E8CD7B /* BookDetailView.swift */ = {isa = PBXFileReference; lastKnownFileType = sourcecode.swift; path = BookDetailView.swift; sourceTree = "<group>"; };
		94AE0A2326EE021B00E8CD7B /* BookDetailViewModel.swift */ = {isa = PBXFileReference; lastKnownFileType = sourcecode.swift; path = BookDetailViewModel.swift; sourceTree = "<group>"; };
		94AE0A2526EE042400E8CD7B /* DummyDataRepository.swift */ = {isa = PBXFileReference; lastKnownFileType = sourcecode.swift; path = DummyDataRepository.swift; sourceTree = "<group>"; };
		94AE0A2826EE150F00E8CD7B /* Coordinator.swift */ = {isa = PBXFileReference; lastKnownFileType = sourcecode.swift; path = Coordinator.swift; sourceTree = "<group>"; };
		94AE0A2A26EE601000E8CD7B /* LanguagesView.swift */ = {isa = PBXFileReference; lastKnownFileType = sourcecode.swift; path = LanguagesView.swift; sourceTree = "<group>"; };
		94AE0A2C26EE602900E8CD7B /* LanguagesViewModel.swift */ = {isa = PBXFileReference; lastKnownFileType = sourcecode.swift; path = LanguagesViewModel.swift; sourceTree = "<group>"; };
		94AE0A2E26EF450400E8CD7B /* CategoriesView.swift */ = {isa = PBXFileReference; lastKnownFileType = sourcecode.swift; path = CategoriesView.swift; sourceTree = "<group>"; };
		94AE0A3026EF451100E8CD7B /* CategoriesViewModel.swift */ = {isa = PBXFileReference; lastKnownFileType = sourcecode.swift; path = CategoriesViewModel.swift; sourceTree = "<group>"; };
		94AE0A3226EF4B8F00E8CD7B /* SearchView.swift */ = {isa = PBXFileReference; lastKnownFileType = sourcecode.swift; path = SearchView.swift; sourceTree = "<group>"; };
		94AE0A3426EF4BD700E8CD7B /* SearchViewModel.swift */ = {isa = PBXFileReference; lastKnownFileType = sourcecode.swift; path = SearchViewModel.swift; sourceTree = "<group>"; };
		94F87E7C26F0DBC600682FB1 /* CollectionDetailView.swift */ = {isa = PBXFileReference; lastKnownFileType = sourcecode.swift; path = CollectionDetailView.swift; sourceTree = "<group>"; };
		94F87E7E26F0DBD300682FB1 /* CollectionDetailViewModel.swift */ = {isa = PBXFileReference; lastKnownFileType = sourcecode.swift; path = CollectionDetailViewModel.swift; sourceTree = "<group>"; };
		94F87E8226F26D1C00682FB1 /* PlayerView.swift */ = {isa = PBXFileReference; lastKnownFileType = sourcecode.swift; path = PlayerView.swift; sourceTree = "<group>"; };
		94F87E8426F26D2E00682FB1 /* PlayerViewModel.swift */ = {isa = PBXFileReference; lastKnownFileType = sourcecode.swift; path = PlayerViewModel.swift; sourceTree = "<group>"; };
/* End PBXFileReference section */

/* Begin PBXFrameworksBuildPhase section */
		943725DC26CAE2C800CB240B /* Frameworks */ = {
			isa = PBXFrameworksBuildPhase;
			buildActionMask = 2147483647;
			files = (
				94AE0A1B26ED0E0D00E8CD7B /* Kingfisher in Frameworks */,
			);
			runOnlyForDeploymentPostprocessing = 0;
		};
/* End PBXFrameworksBuildPhase section */

/* Begin PBXGroup section */
		943725D626CAE2C800CB240B = {
			isa = PBXGroup;
			children = (
				943725E126CAE2C800CB240B /* ListenHub */,
				943725E026CAE2C800CB240B /* Products */,
			);
			sourceTree = "<group>";
		};
		943725E026CAE2C800CB240B /* Products */ = {
			isa = PBXGroup;
			children = (
				943725DF26CAE2C800CB240B /* ListenHub.app */,
			);
			name = Products;
			sourceTree = "<group>";
		};
		943725E126CAE2C800CB240B /* ListenHub */ = {
			isa = PBXGroup;
			children = (
				94AE09FD26EA891200E8CD7B /* App */,
				9451BB7127062C8100653C3F /* Player */,
				9451BB632704FA4400653C3F /* AVQueuePlayer */,
				94AE0A2726EE150300E8CD7B /* Coordinator */,
				94AE09FB26EA88FA00E8CD7B /* UI */,
				94AE09FE26EA891C00E8CD7B /* Model */,
				94AE09FC26EA890100E8CD7B /* Repository */,
				94AE09FF26EA895000E8CD7B /* Views */,
				943725E626CAE2CB00CB240B /* Assets.xcassets */,
				943725EB26CAE2CB00CB240B /* Info.plist */,
				943725E826CAE2CB00CB240B /* Preview Content */,
			);
			path = ListenHub;
			sourceTree = "<group>";
		};
		943725E826CAE2CB00CB240B /* Preview Content */ = {
			isa = PBXGroup;
			children = (
				943725E926CAE2CB00CB240B /* Preview Assets.xcassets */,
				94410A94271B6939000D6F9B /* DummyPlayer.swift */,
			);
			path = "Preview Content";
			sourceTree = "<group>";
		};
		9451BB632704FA4400653C3F /* AVQueuePlayer */ = {
			isa = PBXGroup;
			children = (
				9451BB672704FA8300653C3F /* AAPlayerDelegate.swift */,
				9451BB662704FA8300653C3F /* AAPlayerItem.swift */,
				9451BB682704FA8300653C3F /* AAPlayerItemInfo.swift */,
				9451BB642704FA8300653C3F /* AAPlayerManager.swift */,
				9451BB692704FA8400653C3F /* AAPlayerStatus.swift */,
				9451BB652704FA8300653C3F /* AAQueuePlayer.swift */,
			);
			path = AVQueuePlayer;
			sourceTree = "<group>";
		};
		9451BB7127062C8100653C3F /* Player */ = {
			isa = PBXGroup;
			children = (
				9451BB7227062C9300653C3F /* Player.swift */,
			);
			path = Player;
			sourceTree = "<group>";
		};
		94AE09FB26EA88FA00E8CD7B /* UI */ = {
			isa = PBXGroup;
			children = (
				94AE0A0026EA89DD00E8CD7B /* Home */,
				94AE0A0126EA89E200E8CD7B /* Categories */,
				94AE0A0226EA89F000E8CD7B /* Languages */,
				94AE0A0326EA89F600E8CD7B /* Search */,
				94AE0A2026EE01F600E8CD7B /* Book Detail */,
				94F87E7B26F0DBAF00682FB1 /* Collection Detail */,
				94AE0A0426EA89FC00E8CD7B /* Player */,
				94AE0A1E26ED107300E8CD7B /* ContentView.swift */,
			);
			path = UI;
			sourceTree = "<group>";
		};
		94AE09FC26EA890100E8CD7B /* Repository */ = {
			isa = PBXGroup;
			children = (
				94AE0A0826EA8A5D00E8CD7B /* Repository */,
				94AE0A0926EA8A6600E8CD7B /* Network */,
				94AE0A0A26EA8A7A00E8CD7B /* Database */,
			);
			path = Repository;
			sourceTree = "<group>";
		};
		94AE09FD26EA891200E8CD7B /* App */ = {
			isa = PBXGroup;
			children = (
				943725E226CAE2C800CB240B /* ListenHubApp.swift */,
			);
			path = App;
			sourceTree = "<group>";
		};
		94AE09FE26EA891C00E8CD7B /* Model */ = {
			isa = PBXGroup;
			children = (
				94AE0A0526EA8A2000E8CD7B /* Model Objects */,
				94AE0A0626EA8A2900E8CD7B /* DTO */,
				94AE0A0726EA8A3F00E8CD7B /* Entity */,
			);
			path = Model;
			sourceTree = "<group>";
		};
		94AE09FF26EA895000E8CD7B /* Views */ = {
			isa = PBXGroup;
			children = (
				94AE0A1326ED081E00E8CD7B /* ErrorView.swift */,
				94AE0A1726ED0C1500E8CD7B /* LoadingView.swift */,
				94AE0A1C26ED0E2800E8CD7B /* NetworkImage.swift */,
			);
			path = Views;
			sourceTree = "<group>";
		};
		94AE0A0026EA89DD00E8CD7B /* Home */ = {
			isa = PBXGroup;
			children = (
				94AE0A0B26EA8B6700E8CD7B /* HomeView.swift */,
				94AE0A1126EA984500E8CD7B /* HomeViewModel.swift */,
			);
			path = Home;
			sourceTree = "<group>";
		};
		94AE0A0126EA89E200E8CD7B /* Categories */ = {
			isa = PBXGroup;
			children = (
				94AE0A2E26EF450400E8CD7B /* CategoriesView.swift */,
				94AE0A3026EF451100E8CD7B /* CategoriesViewModel.swift */,
			);
			path = Categories;
			sourceTree = "<group>";
		};
		94AE0A0226EA89F000E8CD7B /* Languages */ = {
			isa = PBXGroup;
			children = (
				94AE0A2A26EE601000E8CD7B /* LanguagesView.swift */,
				94AE0A2C26EE602900E8CD7B /* LanguagesViewModel.swift */,
			);
			path = Languages;
			sourceTree = "<group>";
		};
		94AE0A0326EA89F600E8CD7B /* Search */ = {
			isa = PBXGroup;
			children = (
				94AE0A3226EF4B8F00E8CD7B /* SearchView.swift */,
				94AE0A3426EF4BD700E8CD7B /* SearchViewModel.swift */,
			);
			path = Search;
			sourceTree = "<group>";
		};
		94AE0A0426EA89FC00E8CD7B /* Player */ = {
			isa = PBXGroup;
			children = (
				94F87E8226F26D1C00682FB1 /* PlayerView.swift */,
				94F87E8426F26D2E00682FB1 /* PlayerViewModel.swift */,
				9451BB74270C52FA00653C3F /* NewPlayerViewModel.swift */,
			);
			path = Player;
			sourceTree = "<group>";
		};
		94AE0A0526EA8A2000E8CD7B /* Model Objects */ = {
			isa = PBXGroup;
			children = (
				94AE0A0D26EA8CFC00E8CD7B /* Book.swift */,
				94AE0A0F26EA8DB400E8CD7B /* Category.swift */,
			);
			path = "Model Objects";
			sourceTree = "<group>";
		};
		94AE0A0626EA8A2900E8CD7B /* DTO */ = {
			isa = PBXGroup;
			children = (
			);
			path = DTO;
			sourceTree = "<group>";
		};
		94AE0A0726EA8A3F00E8CD7B /* Entity */ = {
			isa = PBXGroup;
			children = (
			);
			path = Entity;
			sourceTree = "<group>";
		};
		94AE0A0826EA8A5D00E8CD7B /* Repository */ = {
			isa = PBXGroup;
			children = (
				94AE0A1526ED090100E8CD7B /* IRepository.swift */,
				94AE0A2526EE042400E8CD7B /* DummyDataRepository.swift */,
			);
			path = Repository;
			sourceTree = "<group>";
		};
		94AE0A0926EA8A6600E8CD7B /* Network */ = {
			isa = PBXGroup;
			children = (
			);
			path = Network;
			sourceTree = "<group>";
		};
		94AE0A0A26EA8A7A00E8CD7B /* Database */ = {
			isa = PBXGroup;
			children = (
			);
			path = Database;
			sourceTree = "<group>";
		};
		94AE0A2026EE01F600E8CD7B /* Book Detail */ = {
			isa = PBXGroup;
			children = (
				94AE0A2126EE020C00E8CD7B /* BookDetailView.swift */,
				94AE0A2326EE021B00E8CD7B /* BookDetailViewModel.swift */,
			);
			path = "Book Detail";
			sourceTree = "<group>";
		};
		94AE0A2726EE150300E8CD7B /* Coordinator */ = {
			isa = PBXGroup;
			children = (
				94AE0A2826EE150F00E8CD7B /* Coordinator.swift */,
			);
			path = Coordinator;
			sourceTree = "<group>";
		};
		94F87E7B26F0DBAF00682FB1 /* Collection Detail */ = {
			isa = PBXGroup;
			children = (
				94F87E7C26F0DBC600682FB1 /* CollectionDetailView.swift */,
				94F87E7E26F0DBD300682FB1 /* CollectionDetailViewModel.swift */,
			);
			path = "Collection Detail";
			sourceTree = "<group>";
		};
/* End PBXGroup section */

/* Begin PBXNativeTarget section */
		943725DE26CAE2C800CB240B /* ListenHub */ = {
			isa = PBXNativeTarget;
			buildConfigurationList = 943725EE26CAE2CB00CB240B /* Build configuration list for PBXNativeTarget "ListenHub" */;
			buildPhases = (
				943725DB26CAE2C800CB240B /* Sources */,
				943725DC26CAE2C800CB240B /* Frameworks */,
				943725DD26CAE2C800CB240B /* Resources */,
			);
			buildRules = (
			);
			dependencies = (
			);
			name = ListenHub;
			packageProductDependencies = (
				94AE0A1A26ED0E0D00E8CD7B /* Kingfisher */,
			);
			productName = ListenHub;
			productReference = 943725DF26CAE2C800CB240B /* ListenHub.app */;
			productType = "com.apple.product-type.application";
		};
/* End PBXNativeTarget section */

/* Begin PBXProject section */
		943725D726CAE2C800CB240B /* Project object */ = {
			isa = PBXProject;
			attributes = {
				LastSwiftUpdateCheck = 1250;
				LastUpgradeCheck = 1250;
				TargetAttributes = {
					943725DE26CAE2C800CB240B = {
						CreatedOnToolsVersion = 12.5.1;
					};
				};
			};
			buildConfigurationList = 943725DA26CAE2C800CB240B /* Build configuration list for PBXProject "ListenHub" */;
			compatibilityVersion = "Xcode 9.3";
			developmentRegion = en;
			hasScannedForEncodings = 0;
			knownRegions = (
				en,
				Base,
			);
			mainGroup = 943725D626CAE2C800CB240B;
			packageReferences = (
				94AE0A1926ED0E0D00E8CD7B /* XCRemoteSwiftPackageReference "Kingfisher" */,
			);
			productRefGroup = 943725E026CAE2C800CB240B /* Products */;
			projectDirPath = "";
			projectRoot = "";
			targets = (
				943725DE26CAE2C800CB240B /* ListenHub */,
			);
		};
/* End PBXProject section */

/* Begin PBXResourcesBuildPhase section */
		943725DD26CAE2C800CB240B /* Resources */ = {
			isa = PBXResourcesBuildPhase;
			buildActionMask = 2147483647;
			files = (
				943725EA26CAE2CB00CB240B /* Preview Assets.xcassets in Resources */,
				943725E726CAE2CB00CB240B /* Assets.xcassets in Resources */,
			);
			runOnlyForDeploymentPostprocessing = 0;
		};
/* End PBXResourcesBuildPhase section */

/* Begin PBXSourcesBuildPhase section */
		943725DB26CAE2C800CB240B /* Sources */ = {
			isa = PBXSourcesBuildPhase;
			buildActionMask = 2147483647;
			files = (
				94AE0A0E26EA8CFC00E8CD7B /* Book.swift in Sources */,
				94AE0A3326EF4B8F00E8CD7B /* SearchView.swift in Sources */,
				9451BB6F2704FA8400653C3F /* AAPlayerStatus.swift in Sources */,
				9451BB6C2704FA8400653C3F /* AAPlayerItem.swift in Sources */,
				94AE0A1226EA984500E8CD7B /* HomeViewModel.swift in Sources */,
				94F87E7F26F0DBD300682FB1 /* CollectionDetailViewModel.swift in Sources */,
				94AE0A2426EE021B00E8CD7B /* BookDetailViewModel.swift in Sources */,
				9451BB6A2704FA8400653C3F /* AAPlayerManager.swift in Sources */,
				94AE0A2B26EE601000E8CD7B /* LanguagesView.swift in Sources */,
				94410A95271B6939000D6F9B /* DummyPlayer.swift in Sources */,
				94AE0A1026EA8DB400E8CD7B /* Category.swift in Sources */,
				94AE0A3526EF4BD700E8CD7B /* SearchViewModel.swift in Sources */,
				94AE0A0C26EA8B6700E8CD7B /* HomeView.swift in Sources */,
				9451BB6D2704FA8400653C3F /* AAPlayerDelegate.swift in Sources */,
				9451BB7327062C9400653C3F /* Player.swift in Sources */,
				94F87E8526F26D2E00682FB1 /* PlayerViewModel.swift in Sources */,
				94AE0A2F26EF450400E8CD7B /* CategoriesView.swift in Sources */,
				9451BB6E2704FA8400653C3F /* AAPlayerItemInfo.swift in Sources */,
				94F87E7D26F0DBC600682FB1 /* CollectionDetailView.swift in Sources */,
				94AE0A2D26EE602900E8CD7B /* LanguagesViewModel.swift in Sources */,
				94AE0A1426ED081E00E8CD7B /* ErrorView.swift in Sources */,
				94AE0A2926EE150F00E8CD7B /* Coordinator.swift in Sources */,
				94AE0A2626EE042400E8CD7B /* DummyDataRepository.swift in Sources */,
				9451BB75270C52FA00653C3F /* NewPlayerViewModel.swift in Sources */,
				94AE0A1626ED090100E8CD7B /* IRepository.swift in Sources */,
				94AE0A1F26ED107300E8CD7B /* ContentView.swift in Sources */,
				94AE0A1D26ED0E2800E8CD7B /* NetworkImage.swift in Sources */,
				94AE0A2226EE020C00E8CD7B /* BookDetailView.swift in Sources */,
				94F87E8326F26D1C00682FB1 /* PlayerView.swift in Sources */,
				9451BB6B2704FA8400653C3F /* AAQueuePlayer.swift in Sources */,
				943725E326CAE2C800CB240B /* ListenHubApp.swift in Sources */,
				94AE0A3126EF451100E8CD7B /* CategoriesViewModel.swift in Sources */,
				94AE0A1826ED0C1500E8CD7B /* LoadingView.swift in Sources */,
			);
			runOnlyForDeploymentPostprocessing = 0;
		};
/* End PBXSourcesBuildPhase section */

/* Begin XCBuildConfiguration section */
		943725EC26CAE2CB00CB240B /* Debug */ = {
			isa = XCBuildConfiguration;
			buildSettings = {
				ALWAYS_SEARCH_USER_PATHS = NO;
				CLANG_ANALYZER_NONNULL = YES;
				CLANG_ANALYZER_NUMBER_OBJECT_CONVERSION = YES_AGGRESSIVE;
				CLANG_CXX_LANGUAGE_STANDARD = "gnu++14";
				CLANG_CXX_LIBRARY = "libc++";
				CLANG_ENABLE_MODULES = YES;
				CLANG_ENABLE_OBJC_ARC = YES;
				CLANG_ENABLE_OBJC_WEAK = YES;
				CLANG_WARN_BLOCK_CAPTURE_AUTORELEASING = YES;
				CLANG_WARN_BOOL_CONVERSION = YES;
				CLANG_WARN_COMMA = YES;
				CLANG_WARN_CONSTANT_CONVERSION = YES;
				CLANG_WARN_DEPRECATED_OBJC_IMPLEMENTATIONS = YES;
				CLANG_WARN_DIRECT_OBJC_ISA_USAGE = YES_ERROR;
				CLANG_WARN_DOCUMENTATION_COMMENTS = YES;
				CLANG_WARN_EMPTY_BODY = YES;
				CLANG_WARN_ENUM_CONVERSION = YES;
				CLANG_WARN_INFINITE_RECURSION = YES;
				CLANG_WARN_INT_CONVERSION = YES;
				CLANG_WARN_NON_LITERAL_NULL_CONVERSION = YES;
				CLANG_WARN_OBJC_IMPLICIT_RETAIN_SELF = YES;
				CLANG_WARN_OBJC_LITERAL_CONVERSION = YES;
				CLANG_WARN_OBJC_ROOT_CLASS = YES_ERROR;
				CLANG_WARN_QUOTED_INCLUDE_IN_FRAMEWORK_HEADER = YES;
				CLANG_WARN_RANGE_LOOP_ANALYSIS = YES;
				CLANG_WARN_STRICT_PROTOTYPES = YES;
				CLANG_WARN_SUSPICIOUS_MOVE = YES;
				CLANG_WARN_UNGUARDED_AVAILABILITY = YES_AGGRESSIVE;
				CLANG_WARN_UNREACHABLE_CODE = YES;
				CLANG_WARN__DUPLICATE_METHOD_MATCH = YES;
				COPY_PHASE_STRIP = NO;
				DEBUG_INFORMATION_FORMAT = dwarf;
				ENABLE_STRICT_OBJC_MSGSEND = YES;
				ENABLE_TESTABILITY = YES;
				GCC_C_LANGUAGE_STANDARD = gnu11;
				GCC_DYNAMIC_NO_PIC = NO;
				GCC_NO_COMMON_BLOCKS = YES;
				GCC_OPTIMIZATION_LEVEL = 0;
				GCC_PREPROCESSOR_DEFINITIONS = (
					"DEBUG=1",
					"$(inherited)",
				);
				GCC_WARN_64_TO_32_BIT_CONVERSION = YES;
				GCC_WARN_ABOUT_RETURN_TYPE = YES_ERROR;
				GCC_WARN_UNDECLARED_SELECTOR = YES;
				GCC_WARN_UNINITIALIZED_AUTOS = YES_AGGRESSIVE;
				GCC_WARN_UNUSED_FUNCTION = YES;
				GCC_WARN_UNUSED_VARIABLE = YES;
				IPHONEOS_DEPLOYMENT_TARGET = 14.5;
				MTL_ENABLE_DEBUG_INFO = INCLUDE_SOURCE;
				MTL_FAST_MATH = YES;
				ONLY_ACTIVE_ARCH = YES;
				SDKROOT = iphoneos;
				SWIFT_ACTIVE_COMPILATION_CONDITIONS = DEBUG;
				SWIFT_OPTIMIZATION_LEVEL = "-Onone";
			};
			name = Debug;
		};
		943725ED26CAE2CB00CB240B /* Release */ = {
			isa = XCBuildConfiguration;
			buildSettings = {
				ALWAYS_SEARCH_USER_PATHS = NO;
				CLANG_ANALYZER_NONNULL = YES;
				CLANG_ANALYZER_NUMBER_OBJECT_CONVERSION = YES_AGGRESSIVE;
				CLANG_CXX_LANGUAGE_STANDARD = "gnu++14";
				CLANG_CXX_LIBRARY = "libc++";
				CLANG_ENABLE_MODULES = YES;
				CLANG_ENABLE_OBJC_ARC = YES;
				CLANG_ENABLE_OBJC_WEAK = YES;
				CLANG_WARN_BLOCK_CAPTURE_AUTORELEASING = YES;
				CLANG_WARN_BOOL_CONVERSION = YES;
				CLANG_WARN_COMMA = YES;
				CLANG_WARN_CONSTANT_CONVERSION = YES;
				CLANG_WARN_DEPRECATED_OBJC_IMPLEMENTATIONS = YES;
				CLANG_WARN_DIRECT_OBJC_ISA_USAGE = YES_ERROR;
				CLANG_WARN_DOCUMENTATION_COMMENTS = YES;
				CLANG_WARN_EMPTY_BODY = YES;
				CLANG_WARN_ENUM_CONVERSION = YES;
				CLANG_WARN_INFINITE_RECURSION = YES;
				CLANG_WARN_INT_CONVERSION = YES;
				CLANG_WARN_NON_LITERAL_NULL_CONVERSION = YES;
				CLANG_WARN_OBJC_IMPLICIT_RETAIN_SELF = YES;
				CLANG_WARN_OBJC_LITERAL_CONVERSION = YES;
				CLANG_WARN_OBJC_ROOT_CLASS = YES_ERROR;
				CLANG_WARN_QUOTED_INCLUDE_IN_FRAMEWORK_HEADER = YES;
				CLANG_WARN_RANGE_LOOP_ANALYSIS = YES;
				CLANG_WARN_STRICT_PROTOTYPES = YES;
				CLANG_WARN_SUSPICIOUS_MOVE = YES;
				CLANG_WARN_UNGUARDED_AVAILABILITY = YES_AGGRESSIVE;
				CLANG_WARN_UNREACHABLE_CODE = YES;
				CLANG_WARN__DUPLICATE_METHOD_MATCH = YES;
				COPY_PHASE_STRIP = NO;
				DEBUG_INFORMATION_FORMAT = "dwarf-with-dsym";
				ENABLE_NS_ASSERTIONS = NO;
				ENABLE_STRICT_OBJC_MSGSEND = YES;
				GCC_C_LANGUAGE_STANDARD = gnu11;
				GCC_NO_COMMON_BLOCKS = YES;
				GCC_WARN_64_TO_32_BIT_CONVERSION = YES;
				GCC_WARN_ABOUT_RETURN_TYPE = YES_ERROR;
				GCC_WARN_UNDECLARED_SELECTOR = YES;
				GCC_WARN_UNINITIALIZED_AUTOS = YES_AGGRESSIVE;
				GCC_WARN_UNUSED_FUNCTION = YES;
				GCC_WARN_UNUSED_VARIABLE = YES;
				IPHONEOS_DEPLOYMENT_TARGET = 14.5;
				MTL_ENABLE_DEBUG_INFO = NO;
				MTL_FAST_MATH = YES;
				SDKROOT = iphoneos;
				SWIFT_COMPILATION_MODE = wholemodule;
				SWIFT_OPTIMIZATION_LEVEL = "-O";
				VALIDATE_PRODUCT = YES;
			};
			name = Release;
		};
		943725EF26CAE2CB00CB240B /* Debug */ = {
			isa = XCBuildConfiguration;
			buildSettings = {
				ASSETCATALOG_COMPILER_APPICON_NAME = AppIcon;
				ASSETCATALOG_COMPILER_GLOBAL_ACCENT_COLOR_NAME = AccentColor;
				CODE_SIGN_STYLE = Automatic;
				DEVELOPMENT_ASSET_PATHS = "\"ListenHub/Preview Content\"";
				DEVELOPMENT_TEAM = B27VM6T287;
				ENABLE_PREVIEWS = YES;
				INFOPLIST_FILE = ListenHub/Info.plist;
				IPHONEOS_DEPLOYMENT_TARGET = 14.0;
				LD_RUNPATH_SEARCH_PATHS = (
					"$(inherited)",
					"@executable_path/Frameworks",
				);
				PRODUCT_BUNDLE_IDENTIFIER = com.burhan.ListenHub;
				PRODUCT_NAME = "$(TARGET_NAME)";
				SWIFT_VERSION = 5.0;
				TARGETED_DEVICE_FAMILY = "1,2";
			};
			name = Debug;
		};
		943725F026CAE2CB00CB240B /* Release */ = {
			isa = XCBuildConfiguration;
			buildSettings = {
				ASSETCATALOG_COMPILER_APPICON_NAME = AppIcon;
				ASSETCATALOG_COMPILER_GLOBAL_ACCENT_COLOR_NAME = AccentColor;
				CODE_SIGN_STYLE = Automatic;
				DEVELOPMENT_ASSET_PATHS = "\"ListenHub/Preview Content\"";
				DEVELOPMENT_TEAM = B27VM6T287;
				ENABLE_PREVIEWS = YES;
				INFOPLIST_FILE = ListenHub/Info.plist;
				IPHONEOS_DEPLOYMENT_TARGET = 14.0;
				LD_RUNPATH_SEARCH_PATHS = (
					"$(inherited)",
					"@executable_path/Frameworks",
				);
				PRODUCT_BUNDLE_IDENTIFIER = com.burhan.ListenHub;
				PRODUCT_NAME = "$(TARGET_NAME)";
				SWIFT_VERSION = 5.0;
				TARGETED_DEVICE_FAMILY = "1,2";
			};
			name = Release;
		};
/* End XCBuildConfiguration section */

/* Begin XCConfigurationList section */
		943725DA26CAE2C800CB240B /* Build configuration list for PBXProject "ListenHub" */ = {
			isa = XCConfigurationList;
			buildConfigurations = (
				943725EC26CAE2CB00CB240B /* Debug */,
				943725ED26CAE2CB00CB240B /* Release */,
			);
			defaultConfigurationIsVisible = 0;
			defaultConfigurationName = Release;
		};
		943725EE26CAE2CB00CB240B /* Build configuration list for PBXNativeTarget "ListenHub" */ = {
			isa = XCConfigurationList;
			buildConfigurations = (
				943725EF26CAE2CB00CB240B /* Debug */,
				943725F026CAE2CB00CB240B /* Release */,
			);
			defaultConfigurationIsVisible = 0;
			defaultConfigurationName = Release;
		};
/* End XCConfigurationList section */

/* Begin XCRemoteSwiftPackageReference section */
		94AE0A1926ED0E0D00E8CD7B /* XCRemoteSwiftPackageReference "Kingfisher" */ = {
			isa = XCRemoteSwiftPackageReference;
			repositoryURL = "https://github.com/onevcat/Kingfisher.git";
			requirement = {
				kind = upToNextMajorVersion;
				minimumVersion = 6.3.1;
			};
		};
/* End XCRemoteSwiftPackageReference section */

/* Begin XCSwiftPackageProductDependency section */
		94AE0A1A26ED0E0D00E8CD7B /* Kingfisher */ = {
			isa = XCSwiftPackageProductDependency;
			package = 94AE0A1926ED0E0D00E8CD7B /* XCRemoteSwiftPackageReference "Kingfisher" */;
			productName = Kingfisher;
		};
/* End XCSwiftPackageProductDependency section */
	};
	rootObject = 943725D726CAE2C800CB240B /* Project object */;
}
